
Microsoft Visual Studio Solution File, Format Version 12.00
# Visual Studio Version 16
VisualStudioVersion = 16.0.30413.136
MinimumVisualStudioVersion = 10.0.40219.1
Project("{FAE04EC0-301F-11D3-BF4B-00C04F79EFBC}") = "MedziagosKartojimas", "MedziagosKartojimas.csproj", "{FC1B6A35-88AD-4F40-9E0B-81DF21EFB4F9}"
EndProject
Global
	GlobalSection(SolutionConfigurationPlatforms) = preSolution
		Debug|Any CPU = Debug|Any CPU
		Release|Any CPU = Release|Any CPU
	EndGlobalSection
	GlobalSection(ProjectConfigurationPlatforms) = postSolution
		{FC1B6A35-88AD-4F40-9E0B-81DF21EFB4F9}.Debug|Any CPU.ActiveCfg = Debug|Any CPU
		{FC1B6A35-88AD-4F40-9E0B-81DF21EFB4F9}.Debug|Any CPU.Build.0 = Debug|Any CPU
		{FC1B6A35-88AD-4F40-9E0B-81DF21EFB4F9}.Release|Any CPU.ActiveCfg = Release|Any CPU
		{FC1B6A35-88AD-4F40-9E0B-81DF21EFB4F9}.Release|Any CPU.Build.0 = Release|Any CPU
	EndGlobalSection
	GlobalSection(SolutionProperties) = preSolution
		HideSolutionNode = FALSE
	EndGlobalSection
	GlobalSection(ExtensibilityGlobals) = postSolution
		SolutionGuid = {EFF2F4DC-C768-4F16-B399-0856FCE3761F}
	EndGlobalSection
EndGlobal
